// !$*UTF8*$!
{
	archiveVersion = 1;
	classes = {
	};
	objectVersion = 56;
	objects = {

/* Begin PBXBuildFile section */
		31E3F6952C3800D800A6E48B /* SwiftUIWeatherWithTCAApp.swift in Sources */ = {isa = PBXBuildFile; fileRef = 31E3F6942C3800D800A6E48B /* SwiftUIWeatherWithTCAApp.swift */; };
		31E3F69B2C3800D900A6E48B /* Assets.xcassets in Resources */ = {isa = PBXBuildFile; fileRef = 31E3F69A2C3800D900A6E48B /* Assets.xcassets */; };
		31E3F69E2C3800D900A6E48B /* Preview Assets.xcassets in Resources */ = {isa = PBXBuildFile; fileRef = 31E3F69D2C3800D900A6E48B /* Preview Assets.xcassets */; };
		31E3F6A62C38043400A6E48B /* ComposableArchitecture in Frameworks */ = {isa = PBXBuildFile; productRef = 31E3F6A52C38043400A6E48B /* ComposableArchitecture */; };
		9A1402302C67A765004FB9FB /* NetworkKit in Resources */ = {isa = PBXBuildFile; fileRef = 9A14022F2C67A765004FB9FB /* NetworkKit */; };
		9A1402352C67A96E004FB9FB /* SupportKit in Resources */ = {isa = PBXBuildFile; fileRef = 9A1402342C67A96E004FB9FB /* SupportKit */; };
		9A1402532C67C2F8004FB9FB /* MainKit in Resources */ = {isa = PBXBuildFile; fileRef = 9A1402522C67C2F8004FB9FB /* MainKit */; };
		9A1402552C67C350004FB9FB /* MainKit in Frameworks */ = {isa = PBXBuildFile; productRef = 9A1402542C67C350004FB9FB /* MainKit */; };
/* End PBXBuildFile section */

/* Begin PBXFileReference section */
		31E3F6912C3800D800A6E48B /* SwiftUIWeatherWithTCA.app */ = {isa = PBXFileReference; explicitFileType = wrapper.application; includeInIndex = 0; path = SwiftUIWeatherWithTCA.app; sourceTree = BUILT_PRODUCTS_DIR; };
		31E3F6942C3800D800A6E48B /* SwiftUIWeatherWithTCAApp.swift */ = {isa = PBXFileReference; lastKnownFileType = sourcecode.swift; path = SwiftUIWeatherWithTCAApp.swift; sourceTree = "<group>"; };
		31E3F69A2C3800D900A6E48B /* Assets.xcassets */ = {isa = PBXFileReference; lastKnownFileType = folder.assetcatalog; path = Assets.xcassets; sourceTree = "<group>"; };
		31E3F69D2C3800D900A6E48B /* Preview Assets.xcassets */ = {isa = PBXFileReference; lastKnownFileType = folder.assetcatalog; path = "Preview Assets.xcassets"; sourceTree = "<group>"; };
		9A14022F2C67A765004FB9FB /* NetworkKit */ = {isa = PBXFileReference; lastKnownFileType = wrapper; path = NetworkKit; sourceTree = "<group>"; };
		9A1402342C67A96E004FB9FB /* SupportKit */ = {isa = PBXFileReference; lastKnownFileType = wrapper; path = SupportKit; sourceTree = "<group>"; };
		9A1402522C67C2F8004FB9FB /* MainKit */ = {isa = PBXFileReference; lastKnownFileType = wrapper; path = MainKit; sourceTree = "<group>"; };
/* End PBXFileReference section */

/* Begin PBXFrameworksBuildPhase section */
		31E3F68E2C3800D800A6E48B /* Frameworks */ = {
			isa = PBXFrameworksBuildPhase;
			buildActionMask = 2147483647;
			files = (
				9A1402552C67C350004FB9FB /* MainKit in Frameworks */,
				31E3F6A62C38043400A6E48B /* ComposableArchitecture in Frameworks */,
			);
			runOnlyForDeploymentPostprocessing = 0;
		};
/* End PBXFrameworksBuildPhase section */

/* Begin PBXGroup section */
		31E3F6882C3800D800A6E48B = {
			isa = PBXGroup;
			children = (
				31E3F6932C3800D800A6E48B /* SwiftUIWeatherWithTCA */,
				31E3F6922C3800D800A6E48B /* Products */,
				9A1402312C67A79D004FB9FB /* Frameworks */,
			);
			sourceTree = "<group>";
		};
		31E3F6922C3800D800A6E48B /* Products */ = {
			isa = PBXGroup;
			children = (
				31E3F6912C3800D800A6E48B /* SwiftUIWeatherWithTCA.app */,
			);
			name = Products;
			sourceTree = "<group>";
		};
		31E3F6932C3800D800A6E48B /* SwiftUIWeatherWithTCA */ = {
			isa = PBXGroup;
			children = (
				9A1402512C67C173004FB9FB /* Feature */,
				9AE80C2C2C67A4A100B4BF70 /* Core */,
				31E3F6942C3800D800A6E48B /* SwiftUIWeatherWithTCAApp.swift */,
				31E3F69A2C3800D900A6E48B /* Assets.xcassets */,
				31E3F69C2C3800D900A6E48B /* Preview Content */,
			);
			path = SwiftUIWeatherWithTCA;
			sourceTree = "<group>";
		};
		31E3F69C2C3800D900A6E48B /* Preview Content */ = {
			isa = PBXGroup;
			children = (
				31E3F69D2C3800D900A6E48B /* Preview Assets.xcassets */,
			);
			path = "Preview Content";
			sourceTree = "<group>";
		};
		9A1402312C67A79D004FB9FB /* Frameworks */ = {
			isa = PBXGroup;
			children = (
			);
			name = Frameworks;
			sourceTree = "<group>";
		};
		9A1402512C67C173004FB9FB /* Feature */ = {
			isa = PBXGroup;
			children = (
				9A1402522C67C2F8004FB9FB /* MainKit */,
			);
			path = Feature;
			sourceTree = "<group>";
		};
		9AE80C2C2C67A4A100B4BF70 /* Core */ = {
			isa = PBXGroup;
			children = (
				9A1402342C67A96E004FB9FB /* SupportKit */,
				9A14022F2C67A765004FB9FB /* NetworkKit */,
			);
			path = Core;
			sourceTree = "<group>";
		};
/* End PBXGroup section */

/* Begin PBXNativeTarget section */
		31E3F6902C3800D800A6E48B /* SwiftUIWeatherWithTCA */ = {
			isa = PBXNativeTarget;
			buildConfigurationList = 31E3F6A12C3800D900A6E48B /* Build configuration list for PBXNativeTarget "SwiftUIWeatherWithTCA" */;
			buildPhases = (
				31E3F68D2C3800D800A6E48B /* Sources */,
				31E3F68E2C3800D800A6E48B /* Frameworks */,
				31E3F68F2C3800D800A6E48B /* Resources */,
			);
			buildRules = (
			);
			dependencies = (
			);
			name = SwiftUIWeatherWithTCA;
			packageProductDependencies = (
				31E3F6A52C38043400A6E48B /* ComposableArchitecture */,
				9A1402542C67C350004FB9FB /* MainKit */,
			);
			productName = SwiftUIBookStore;
			productReference = 31E3F6912C3800D800A6E48B /* SwiftUIWeatherWithTCA.app */;
			productType = "com.apple.product-type.application";
		};
/* End PBXNativeTarget section */

/* Begin PBXProject section */
		31E3F6892C3800D800A6E48B /* Project object */ = {
			isa = PBXProject;
			attributes = {
				BuildIndependentTargetsInParallel = 1;
				LastSwiftUpdateCheck = 1540;
				LastUpgradeCheck = 1540;
				TargetAttributes = {
					31E3F6902C3800D800A6E48B = {
						CreatedOnToolsVersion = 15.4;
					};
				};
			};
			buildConfigurationList = 31E3F68C2C3800D800A6E48B /* Build configuration list for PBXProject "SwiftUIWeatherWithTCA" */;
			compatibilityVersion = "Xcode 14.0";
			developmentRegion = en;
			hasScannedForEncodings = 0;
			knownRegions = (
				en,
				Base,
			);
			mainGroup = 31E3F6882C3800D800A6E48B;
			packageReferences = (
				31E3F6A42C38043400A6E48B /* XCRemoteSwiftPackageReference "swift-composable-architecture" */,
			);
			productRefGroup = 31E3F6922C3800D800A6E48B /* Products */;
			projectDirPath = "";
			projectRoot = "";
			targets = (
				31E3F6902C3800D800A6E48B /* SwiftUIWeatherWithTCA */,
			);
		};
/* End PBXProject section */

/* Begin PBXResourcesBuildPhase section */
		31E3F68F2C3800D800A6E48B /* Resources */ = {
			isa = PBXResourcesBuildPhase;
			buildActionMask = 2147483647;
			files = (
				9A1402352C67A96E004FB9FB /* SupportKit in Resources */,
				9A1402302C67A765004FB9FB /* NetworkKit in Resources */,
				9A1402532C67C2F8004FB9FB /* MainKit in Resources */,
				31E3F69E2C3800D900A6E48B /* Preview Assets.xcassets in Resources */,
				31E3F69B2C3800D900A6E48B /* Assets.xcassets in Resources */,
			);
			runOnlyForDeploymentPostprocessing = 0;
		};
/* End PBXResourcesBuildPhase section */

/* Begin PBXSourcesBuildPhase section */
		31E3F68D2C3800D800A6E48B /* Sources */ = {
			isa = PBXSourcesBuildPhase;
			buildActionMask = 2147483647;
			files = (
				31E3F6952C3800D800A6E48B /* SwiftUIWeatherWithTCAApp.swift in Sources */,
			);
			runOnlyForDeploymentPostprocessing = 0;
		};
/* End PBXSourcesBuildPhase section */

/* Begin XCBuildConfiguration section */
		31E3F69F2C3800D900A6E48B /* Debug */ = {
			isa = XCBuildConfiguration;
			buildSettings = {
				ALWAYS_SEARCH_USER_PATHS = NO;
				ASSETCATALOG_COMPILER_GENERATE_SWIFT_ASSET_SYMBOL_EXTENSIONS = YES;
				CLANG_ANALYZER_NONNULL = YES;
				CLANG_ANALYZER_NUMBER_OBJECT_CONVERSION = YES_AGGRESSIVE;
				CLANG_CXX_LANGUAGE_STANDARD = "gnu++20";
				CLANG_ENABLE_MODULES = YES;
				CLANG_ENABLE_OBJC_ARC = YES;
				CLANG_ENABLE_OBJC_WEAK = YES;
				CLANG_WARN_BLOCK_CAPTURE_AUTORELEASING = YES;
				CLANG_WARN_BOOL_CONVERSION = YES;
				CLANG_WARN_COMMA = YES;
				CLANG_WARN_CONSTANT_CONVERSION = YES;
				CLANG_WARN_DEPRECATED_OBJC_IMPLEMENTATIONS = YES;
				CLANG_WARN_DIRECT_OBJC_ISA_USAGE = YES_ERROR;
				CLANG_WARN_DOCUMENTATION_COMMENTS = YES;
				CLANG_WARN_EMPTY_BODY = YES;
				CLANG_WARN_ENUM_CONVERSION = YES;
				CLANG_WARN_INFINITE_RECURSION = YES;
				CLANG_WARN_INT_CONVERSION = YES;
				CLANG_WARN_NON_LITERAL_NULL_CONVERSION = YES;
				CLANG_WARN_OBJC_IMPLICIT_RETAIN_SELF = YES;
				CLANG_WARN_OBJC_LITERAL_CONVERSION = YES;
				CLANG_WARN_OBJC_ROOT_CLASS = YES_ERROR;
				CLANG_WARN_QUOTED_INCLUDE_IN_FRAMEWORK_HEADER = YES;
				CLANG_WARN_RANGE_LOOP_ANALYSIS = YES;
				CLANG_WARN_STRICT_PROTOTYPES = YES;
				CLANG_WARN_SUSPICIOUS_MOVE = YES;
				CLANG_WARN_UNGUARDED_AVAILABILITY = YES_AGGRESSIVE;
				CLANG_WARN_UNREACHABLE_CODE = YES;
				CLANG_WARN__DUPLICATE_METHOD_MATCH = YES;
				COPY_PHASE_STRIP = NO;
				DEBUG_INFORMATION_FORMAT = dwarf;
				ENABLE_STRICT_OBJC_MSGSEND = YES;
				ENABLE_TESTABILITY = YES;
				ENABLE_USER_SCRIPT_SANDBOXING = YES;
				GCC_C_LANGUAGE_STANDARD = gnu17;
				GCC_DYNAMIC_NO_PIC = NO;
				GCC_NO_COMMON_BLOCKS = YES;
				GCC_OPTIMIZATION_LEVEL = 0;
				GCC_PREPROCESSOR_DEFINITIONS = (
					"DEBUG=1",
					"$(inherited)",
				);
				GCC_WARN_64_TO_32_BIT_CONVERSION = YES;
				GCC_WARN_ABOUT_RETURN_TYPE = YES_ERROR;
				GCC_WARN_UNDECLARED_SELECTOR = YES;
				GCC_WARN_UNINITIALIZED_AUTOS = YES_AGGRESSIVE;
				GCC_WARN_UNUSED_FUNCTION = YES;
				GCC_WARN_UNUSED_VARIABLE = YES;
				IPHONEOS_DEPLOYMENT_TARGET = 17.0;
				LOCALIZATION_PREFERS_STRING_CATALOGS = YES;
				MTL_ENABLE_DEBUG_INFO = INCLUDE_SOURCE;
				MTL_FAST_MATH = YES;
				ONLY_ACTIVE_ARCH = YES;
				SDKROOT = iphoneos;
				SWIFT_ACTIVE_COMPILATION_CONDITIONS = "DEBUG $(inherited)";
				SWIFT_OPTIMIZATION_LEVEL = "-Onone";
			};
			name = Debug;
		};
		31E3F6A02C3800D900A6E48B /* Release */ = {
			isa = XCBuildConfiguration;
			buildSettings = {
				ALWAYS_SEARCH_USER_PATHS = NO;
				ASSETCATALOG_COMPILER_GENERATE_SWIFT_ASSET_SYMBOL_EXTENSIONS = YES;
				CLANG_ANALYZER_NONNULL = YES;
				CLANG_ANALYZER_NUMBER_OBJECT_CONVERSION = YES_AGGRESSIVE;
				CLANG_CXX_LANGUAGE_STANDARD = "gnu++20";
				CLANG_ENABLE_MODULES = YES;
				CLANG_ENABLE_OBJC_ARC = YES;
				CLANG_ENABLE_OBJC_WEAK = YES;
				CLANG_WARN_BLOCK_CAPTURE_AUTORELEASING = YES;
				CLANG_WARN_BOOL_CONVERSION = YES;
				CLANG_WARN_COMMA = YES;
				CLANG_WARN_CONSTANT_CONVERSION = YES;
				CLANG_WARN_DEPRECATED_OBJC_IMPLEMENTATIONS = YES;
				CLANG_WARN_DIRECT_OBJC_ISA_USAGE = YES_ERROR;
				CLANG_WARN_DOCUMENTATION_COMMENTS = YES;
				CLANG_WARN_EMPTY_BODY = YES;
				CLANG_WARN_ENUM_CONVERSION = YES;
				CLANG_WARN_INFINITE_RECURSION = YES;
				CLANG_WARN_INT_CONVERSION = YES;
				CLANG_WARN_NON_LITERAL_NULL_CONVERSION = YES;
				CLANG_WARN_OBJC_IMPLICIT_RETAIN_SELF = YES;
				CLANG_WARN_OBJC_LITERAL_CONVERSION = YES;
				CLANG_WARN_OBJC_ROOT_CLASS = YES_ERROR;
				CLANG_WARN_QUOTED_INCLUDE_IN_FRAMEWORK_HEADER = YES;
				CLANG_WARN_RANGE_LOOP_ANALYSIS = YES;
				CLANG_WARN_STRICT_PROTOTYPES = YES;
				CLANG_WARN_SUSPICIOUS_MOVE = YES;
				CLANG_WARN_UNGUARDED_AVAILABILITY = YES_AGGRESSIVE;
				CLANG_WARN_UNREACHABLE_CODE = YES;
				CLANG_WARN__DUPLICATE_METHOD_MATCH = YES;
				COPY_PHASE_STRIP = NO;
				DEBUG_INFORMATION_FORMAT = "dwarf-with-dsym";
				ENABLE_NS_ASSERTIONS = NO;
				ENABLE_STRICT_OBJC_MSGSEND = YES;
				ENABLE_USER_SCRIPT_SANDBOXING = YES;
				GCC_C_LANGUAGE_STANDARD = gnu17;
				GCC_NO_COMMON_BLOCKS = YES;
				GCC_WARN_64_TO_32_BIT_CONVERSION = YES;
				GCC_WARN_ABOUT_RETURN_TYPE = YES_ERROR;
				GCC_WARN_UNDECLARED_SELECTOR = YES;
				GCC_WARN_UNINITIALIZED_AUTOS = YES_AGGRESSIVE;
				GCC_WARN_UNUSED_FUNCTION = YES;
				GCC_WARN_UNUSED_VARIABLE = YES;
				IPHONEOS_DEPLOYMENT_TARGET = 17.0;
				LOCALIZATION_PREFERS_STRING_CATALOGS = YES;
				MTL_ENABLE_DEBUG_INFO = NO;
				MTL_FAST_MATH = YES;
				SDKROOT = iphoneos;
				SWIFT_COMPILATION_MODE = wholemodule;
				VALIDATE_PRODUCT = YES;
			};
			name = Release;
		};
		31E3F6A22C3800D900A6E48B /* Debug */ = {
			isa = XCBuildConfiguration;
			buildSettings = {
				ASSETCATALOG_COMPILER_APPICON_NAME = AppIcon;
				ASSETCATALOG_COMPILER_GLOBAL_ACCENT_COLOR_NAME = AccentColor;
				CODE_SIGN_STYLE = Automatic;
				CURRENT_PROJECT_VERSION = 1;
				DEVELOPMENT_ASSET_PATHS = "\"SwiftUIWeatherWithTCA/Preview Content\"";
				DEVELOPMENT_TEAM = GS2RP7W8VS;
				ENABLE_PREVIEWS = YES;
				GENERATE_INFOPLIST_FILE = YES;
				INFOPLIST_FILE = SwiftUIWeatherWithTCA/info.plist;
				INFOPLIST_KEY_UIApplicationSceneManifest_Generation = YES;
				INFOPLIST_KEY_UIApplicationSupportsIndirectInputEvents = YES;
				INFOPLIST_KEY_UILaunchScreen_Generation = YES;
				INFOPLIST_KEY_UISupportedInterfaceOrientations_iPad = "UIInterfaceOrientationPortrait UIInterfaceOrientationPortraitUpsideDown UIInterfaceOrientationLandscapeLeft UIInterfaceOrientationLandscapeRight";
				INFOPLIST_KEY_UISupportedInterfaceOrientations_iPhone = "UIInterfaceOrientationPortrait UIInterfaceOrientationLandscapeLeft UIInterfaceOrientationLandscapeRight";
				LD_RUNPATH_SEARCH_PATHS = (
					"$(inherited)",
					"@executable_path/Frameworks",
				);
				MARKETING_VERSION = 1.0;
				PRODUCT_BUNDLE_IDENTIFIER = arob6.SwiftUIWeatherWithTCA;
				PRODUCT_NAME = "$(TARGET_NAME)";
				SWIFT_EMIT_LOC_STRINGS = YES;
				SWIFT_VERSION = 5.0;
				TARGETED_DEVICE_FAMILY = "1,2";
			};
			name = Debug;
		};
		31E3F6A32C3800D900A6E48B /* Release */ = {
			isa = XCBuildConfiguration;
			buildSettings = {
				ASSETCATALOG_COMPILER_APPICON_NAME = AppIcon;
				ASSETCATALOG_COMPILER_GLOBAL_ACCENT_COLOR_NAME = AccentColor;
				CODE_SIGN_STYLE = Automatic;
				CURRENT_PROJECT_VERSION = 1;
				DEVELOPMENT_ASSET_PATHS = "\"SwiftUIWeatherWithTCA/Preview Content\"";
				DEVELOPMENT_TEAM = GS2RP7W8VS;
				ENABLE_PREVIEWS = YES;
				GENERATE_INFOPLIST_FILE = YES;
				INFOPLIST_FILE = SwiftUIWeatherWithTCA/info.plist;
				INFOPLIST_KEY_UIApplicationSceneManifest_Generation = YES;
				INFOPLIST_KEY_UIApplicationSupportsIndirectInputEvents = YES;
				INFOPLIST_KEY_UILaunchScreen_Generation = YES;
				INFOPLIST_KEY_UISupportedInterfaceOrientations_iPad = "UIInterfaceOrientationPortrait UIInterfaceOrientationPortraitUpsideDown UIInterfaceOrientationLandscapeLeft UIInterfaceOrientationLandscapeRight";
				INFOPLIST_KEY_UISupportedInterfaceOrientations_iPhone = "UIInterfaceOrientationPortrait UIInterfaceOrientationLandscapeLeft UIInterfaceOrientationLandscapeRight";
				LD_RUNPATH_SEARCH_PATHS = (
					"$(inherited)",
					"@executable_path/Frameworks",
				);
				MARKETING_VERSION = 1.0;
				PRODUCT_BUNDLE_IDENTIFIER = arob6.SwiftUIWeatherWithTCA;
				PRODUCT_NAME = "$(TARGET_NAME)";
				SWIFT_EMIT_LOC_STRINGS = YES;
				SWIFT_VERSION = 5.0;
				TARGETED_DEVICE_FAMILY = "1,2";
			};
			name = Release;
		};
/* End XCBuildConfiguration section */

/* Begin XCConfigurationList section */
		31E3F68C2C3800D800A6E48B /* Build configuration list for PBXProject "SwiftUIWeatherWithTCA" */ = {
			isa = XCConfigurationList;
			buildConfigurations = (
				31E3F69F2C3800D900A6E48B /* Debug */,
				31E3F6A02C3800D900A6E48B /* Release */,
			);
			defaultConfigurationIsVisible = 0;
			defaultConfigurationName = Release;
		};
		31E3F6A12C3800D900A6E48B /* Build configuration list for PBXNativeTarget "SwiftUIWeatherWithTCA" */ = {
			isa = XCConfigurationList;
			buildConfigurations = (
				31E3F6A22C3800D900A6E48B /* Debug */,
				31E3F6A32C3800D900A6E48B /* Release */,
			);
			defaultConfigurationIsVisible = 0;
			defaultConfigurationName = Release;
		};
/* End XCConfigurationList section */

/* Begin XCRemoteSwiftPackageReference section */
		31E3F6A42C38043400A6E48B /* XCRemoteSwiftPackageReference "swift-composable-architecture" */ = {
			isa = XCRemoteSwiftPackageReference;
			repositoryURL = "https://github.com/pointfreeco/swift-composable-architecture.git";
			requirement = {
				kind = upToNextMinorVersion;
				minimumVersion = 1.11.0;
			};
		};
/* End XCRemoteSwiftPackageReference section */

/* Begin XCSwiftPackageProductDependency section */
		31E3F6A52C38043400A6E48B /* ComposableArchitecture */ = {
			isa = XCSwiftPackageProductDependency;
			package = 31E3F6A42C38043400A6E48B /* XCRemoteSwiftPackageReference "swift-composable-architecture" */;
			productName = ComposableArchitecture;
		};
		9A1402542C67C350004FB9FB /* MainKit */ = {
			isa = XCSwiftPackageProductDependency;
			productName = MainKit;
		};
/* End XCSwiftPackageProductDependency section */
	};
	rootObject = 31E3F6892C3800D800A6E48B /* Project object */;
}
